// !$*UTF8*$!
{
	archiveVersion = 1;
	classes = {
	};
	objectVersion = 56;
	objects = {

/* Begin PBXBuildFile section */
		454F875C298CAEAE00E18526 /* AppDelegate.swift in Sources */ = {isa = PBXBuildFile; fileRef = 454F875B298CAEAE00E18526 /* AppDelegate.swift */; };
		454F875E298CAEAE00E18526 /* SceneDelegate.swift in Sources */ = {isa = PBXBuildFile; fileRef = 454F875D298CAEAE00E18526 /* SceneDelegate.swift */; };
		454F8760298CAEAE00E18526 /* ViewController.swift in Sources */ = {isa = PBXBuildFile; fileRef = 454F875F298CAEAE00E18526 /* ViewController.swift */; };
		454F8763298CAEAE00E18526 /* Main.storyboard in Resources */ = {isa = PBXBuildFile; fileRef = 454F8761298CAEAE00E18526 /* Main.storyboard */; };
		454F8765298CAEAF00E18526 /* Assets.xcassets in Resources */ = {isa = PBXBuildFile; fileRef = 454F8764298CAEAF00E18526 /* Assets.xcassets */; };
		454F8768298CAEAF00E18526 /* LaunchScreen.storyboard in Resources */ = {isa = PBXBuildFile; fileRef = 454F8766298CAEAF00E18526 /* LaunchScreen.storyboard */; };
		454F8773298CAEAF00E18526 /* TestAppTests.swift in Sources */ = {isa = PBXBuildFile; fileRef = 454F8772298CAEAF00E18526 /* TestAppTests.swift */; };
		454F877D298CAEAF00E18526 /* TestAppUITests.swift in Sources */ = {isa = PBXBuildFile; fileRef = 454F877C298CAEAF00E18526 /* TestAppUITests.swift */; };
		454F877F298CAEAF00E18526 /* TestAppUITestsLaunchTests.swift in Sources */ = {isa = PBXBuildFile; fileRef = 454F877E298CAEAF00E18526 /* TestAppUITestsLaunchTests.swift */; };
		454F878D298CAEE000E18526 /* RxCocoa in Frameworks */ = {isa = PBXBuildFile; productRef = 454F878C298CAEE000E18526 /* RxCocoa */; };
		454F878F298CAEE000E18526 /* RxSwift in Frameworks */ = {isa = PBXBuildFile; productRef = 454F878E298CAEE000E18526 /* RxSwift */; };
/* End PBXBuildFile section */

/* Begin PBXContainerItemProxy section */
		454F876F298CAEAF00E18526 /* PBXContainerItemProxy */ = {
			isa = PBXContainerItemProxy;
			containerPortal = 454F8750298CAEAE00E18526 /* Project object */;
			proxyType = 1;
			remoteGlobalIDString = 454F8757298CAEAE00E18526;
			remoteInfo = TestApp;
		};
		454F8779298CAEAF00E18526 /* PBXContainerItemProxy */ = {
			isa = PBXContainerItemProxy;
			containerPortal = 454F8750298CAEAE00E18526 /* Project object */;
			proxyType = 1;
			remoteGlobalIDString = 454F8757298CAEAE00E18526;
			remoteInfo = TestApp;
		};
/* End PBXContainerItemProxy section */

/* Begin PBXFileReference section */
		454F8758298CAEAE00E18526 /* TestApp.app */ = {isa = PBXFileReference; explicitFileType = wrapper.application; includeInIndex = 0; path = TestApp.app; sourceTree = BUILT_PRODUCTS_DIR; };
		454F875B298CAEAE00E18526 /* AppDelegate.swift */ = {isa = PBXFileReference; lastKnownFileType = sourcecode.swift; path = AppDelegate.swift; sourceTree = "<group>"; };
		454F875D298CAEAE00E18526 /* SceneDelegate.swift */ = {isa = PBXFileReference; lastKnownFileType = sourcecode.swift; path = SceneDelegate.swift; sourceTree = "<group>"; };
		454F875F298CAEAE00E18526 /* ViewController.swift */ = {isa = PBXFileReference; lastKnownFileType = sourcecode.swift; path = ViewController.swift; sourceTree = "<group>"; };
		454F8762298CAEAE00E18526 /* Base */ = {isa = PBXFileReference; lastKnownFileType = file.storyboard; name = Base; path = Base.lproj/Main.storyboard; sourceTree = "<group>"; };
		454F8764298CAEAF00E18526 /* Assets.xcassets */ = {isa = PBXFileReference; lastKnownFileType = folder.assetcatalog; path = Assets.xcassets; sourceTree = "<group>"; };
		454F8767298CAEAF00E18526 /* Base */ = {isa = PBXFileReference; lastKnownFileType = file.storyboard; name = Base; path = Base.lproj/LaunchScreen.storyboard; sourceTree = "<group>"; };
		454F8769298CAEAF00E18526 /* Info.plist */ = {isa = PBXFileReference; lastKnownFileType = text.plist.xml; path = Info.plist; sourceTree = "<group>"; };
		454F876E298CAEAF00E18526 /* TestAppTests.xctest */ = {isa = PBXFileReference; explicitFileType = wrapper.cfbundle; includeInIndex = 0; path = TestAppTests.xctest; sourceTree = BUILT_PRODUCTS_DIR; };
		454F8772298CAEAF00E18526 /* TestAppTests.swift */ = {isa = PBXFileReference; lastKnownFileType = sourcecode.swift; path = TestAppTests.swift; sourceTree = "<group>"; };
		454F8778298CAEAF00E18526 /* TestAppUITests.xctest */ = {isa = PBXFileReference; explicitFileType = wrapper.cfbundle; includeInIndex = 0; path = TestAppUITests.xctest; sourceTree = BUILT_PRODUCTS_DIR; };
		454F877C298CAEAF00E18526 /* TestAppUITests.swift */ = {isa = PBXFileReference; lastKnownFileType = sourcecode.swift; path = TestAppUITests.swift; sourceTree = "<group>"; };
		454F877E298CAEAF00E18526 /* TestAppUITestsLaunchTests.swift */ = {isa = PBXFileReference; lastKnownFileType = sourcecode.swift; path = TestAppUITestsLaunchTests.swift; sourceTree = "<group>"; };
/* End PBXFileReference section */

/* Begin PBXFrameworksBuildPhase section */
		454F8755298CAEAE00E18526 /* Frameworks */ = {
			isa = PBXFrameworksBuildPhase;
			buildActionMask = 2147483647;
			files = (
				454F878F298CAEE000E18526 /* RxSwift in Frameworks */,
				454F878D298CAEE000E18526 /* RxCocoa in Frameworks */,
			);
			runOnlyForDeploymentPostprocessing = 0;
		};
		454F876B298CAEAF00E18526 /* Frameworks */ = {
			isa = PBXFrameworksBuildPhase;
			buildActionMask = 2147483647;
			files = (
			);
			runOnlyForDeploymentPostprocessing = 0;
		};
		454F8775298CAEAF00E18526 /* Frameworks */ = {
			isa = PBXFrameworksBuildPhase;
			buildActionMask = 2147483647;
			files = (
			);
			runOnlyForDeploymentPostprocessing = 0;
		};
/* End PBXFrameworksBuildPhase section */

/* Begin PBXGroup section */
		454F874F298CAEAE00E18526 = {
			isa = PBXGroup;
			children = (
				454F875A298CAEAE00E18526 /* TestApp */,
				454F8771298CAEAF00E18526 /* TestAppTests */,
				454F877B298CAEAF00E18526 /* TestAppUITests */,
				454F8759298CAEAE00E18526 /* Products */,
			);
			sourceTree = "<group>";
		};
		454F8759298CAEAE00E18526 /* Products */ = {
			isa = PBXGroup;
			children = (
				454F8758298CAEAE00E18526 /* TestApp.app */,
				454F876E298CAEAF00E18526 /* TestAppTests.xctest */,
				454F8778298CAEAF00E18526 /* TestAppUITests.xctest */,
			);
			name = Products;
			sourceTree = "<group>";
		};
		454F875A298CAEAE00E18526 /* TestApp */ = {
			isa = PBXGroup;
			children = (
				454F875B298CAEAE00E18526 /* AppDelegate.swift */,
				454F8764298CAEAF00E18526 /* Assets.xcassets */,
				454F8769298CAEAF00E18526 /* Info.plist */,
				454F8766298CAEAF00E18526 /* LaunchScreen.storyboard */,
				454F8761298CAEAE00E18526 /* Main.storyboard */,
				454F875D298CAEAE00E18526 /* SceneDelegate.swift */,
				454F875F298CAEAE00E18526 /* ViewController.swift */,
				454F8790298CB31900E18526 /* Model */,
				454F8792298CB32900E18526 /* ViewModel */,
				454F8791298CB32000E18526 /* Views */,
			);
			path = TestApp;
			sourceTree = "<group>";
		};
		454F8771298CAEAF00E18526 /* TestAppTests */ = {
			isa = PBXGroup;
			children = (
				454F8772298CAEAF00E18526 /* TestAppTests.swift */,
			);
			path = TestAppTests;
			sourceTree = "<group>";
		};
		454F877B298CAEAF00E18526 /* TestAppUITests */ = {
			isa = PBXGroup;
			children = (
				454F877C298CAEAF00E18526 /* TestAppUITests.swift */,
				454F877E298CAEAF00E18526 /* TestAppUITestsLaunchTests.swift */,
			);
			path = TestAppUITests;
			sourceTree = "<group>";
		};
		454F8790298CB31900E18526 /* Model */ = {
			isa = PBXGroup;
			children = (
			);
			path = Model;
			sourceTree = "<group>";
		};
		454F8791298CB32000E18526 /* Views */ = {
			isa = PBXGroup;
			children = (
			);
			path = Views;
			sourceTree = "<group>";
		};
		454F8792298CB32900E18526 /* ViewModel */ = {
			isa = PBXGroup;
			children = (
			);
			path = ViewModel;
			sourceTree = "<group>";
		};
/* End PBXGroup section */

/* Begin PBXNativeTarget section */
		454F8757298CAEAE00E18526 /* TestApp */ = {
			isa = PBXNativeTarget;
			buildConfigurationList = 454F8782298CAEAF00E18526 /* Build configuration list for PBXNativeTarget "TestApp" */;
			buildPhases = (
				454F8754298CAEAE00E18526 /* Sources */,
				454F8755298CAEAE00E18526 /* Frameworks */,
				454F8756298CAEAE00E18526 /* Resources */,
			);
			buildRules = (
			);
			dependencies = (
			);
			name = TestApp;
			packageProductDependencies = (
				454F878C298CAEE000E18526 /* RxCocoa */,
				454F878E298CAEE000E18526 /* RxSwift */,
			);
			productName = TestApp;
			productReference = 454F8758298CAEAE00E18526 /* TestApp.app */;
			productType = "com.apple.product-type.application";
		};
		454F876D298CAEAF00E18526 /* TestAppTests */ = {
			isa = PBXNativeTarget;
			buildConfigurationList = 454F8785298CAEAF00E18526 /* Build configuration list for PBXNativeTarget "TestAppTests" */;
			buildPhases = (
				454F876A298CAEAF00E18526 /* Sources */,
				454F876B298CAEAF00E18526 /* Frameworks */,
				454F876C298CAEAF00E18526 /* Resources */,
			);
			buildRules = (
			);
			dependencies = (
				454F8770298CAEAF00E18526 /* PBXTargetDependency */,
			);
			name = TestAppTests;
			productName = TestAppTests;
			productReference = 454F876E298CAEAF00E18526 /* TestAppTests.xctest */;
			productType = "com.apple.product-type.bundle.unit-test";
		};
		454F8777298CAEAF00E18526 /* TestAppUITests */ = {
			isa = PBXNativeTarget;
			buildConfigurationList = 454F8788298CAEAF00E18526 /* Build configuration list for PBXNativeTarget "TestAppUITests" */;
			buildPhases = (
				454F8774298CAEAF00E18526 /* Sources */,
				454F8775298CAEAF00E18526 /* Frameworks */,
				454F8776298CAEAF00E18526 /* Resources */,
			);
			buildRules = (
			);
			dependencies = (
				454F877A298CAEAF00E18526 /* PBXTargetDependency */,
			);
			name = TestAppUITests;
			productName = TestAppUITests;
			productReference = 454F8778298CAEAF00E18526 /* TestAppUITests.xctest */;
			productType = "com.apple.product-type.bundle.ui-testing";
		};
/* End PBXNativeTarget section */

/* Begin PBXProject section */
		454F8750298CAEAE00E18526 /* Project object */ = {
			isa = PBXProject;
			attributes = {
				BuildIndependentTargetsInParallel = 1;
				LastSwiftUpdateCheck = 1420;
				LastUpgradeCheck = 1420;
				TargetAttributes = {
					454F8757298CAEAE00E18526 = {
						CreatedOnToolsVersion = 14.2;
					};
					454F876D298CAEAF00E18526 = {
						CreatedOnToolsVersion = 14.2;
						TestTargetID = 454F8757298CAEAE00E18526;
					};
					454F8777298CAEAF00E18526 = {
						CreatedOnToolsVersion = 14.2;
						TestTargetID = 454F8757298CAEAE00E18526;
					};
				};
			};
			buildConfigurationList = 454F8753298CAEAE00E18526 /* Build configuration list for PBXProject "TestApp" */;
			compatibilityVersion = "Xcode 14.0";
			developmentRegion = en;
			hasScannedForEncodings = 0;
			knownRegions = (
				en,
				Base,
			);
			mainGroup = 454F874F298CAEAE00E18526;
			packageReferences = (
				454F878B298CAEE000E18526 /* XCRemoteSwiftPackageReference "RxSwift" */,
			);
			productRefGroup = 454F8759298CAEAE00E18526 /* Products */;
			projectDirPath = "";
			projectRoot = "";
			targets = (
				454F8757298CAEAE00E18526 /* TestApp */,
				454F876D298CAEAF00E18526 /* TestAppTests */,
				454F8777298CAEAF00E18526 /* TestAppUITests */,
			);
		};
/* End PBXProject section */

/* Begin PBXResourcesBuildPhase section */
		454F8756298CAEAE00E18526 /* Resources */ = {
			isa = PBXResourcesBuildPhase;
			buildActionMask = 2147483647;
			files = (
				454F8768298CAEAF00E18526 /* LaunchScreen.storyboard in Resources */,
				454F8765298CAEAF00E18526 /* Assets.xcassets in Resources */,
				454F8763298CAEAE00E18526 /* Main.storyboard in Resources */,
			);
			runOnlyForDeploymentPostprocessing = 0;
		};
		454F876C298CAEAF00E18526 /* Resources */ = {
			isa = PBXResourcesBuildPhase;
			buildActionMask = 2147483647;
			files = (
			);
			runOnlyForDeploymentPostprocessing = 0;
		};
		454F8776298CAEAF00E18526 /* Resources */ = {
			isa = PBXResourcesBuildPhase;
			buildActionMask = 2147483647;
			files = (
			);
			runOnlyForDeploymentPostprocessing = 0;
		};
/* End PBXResourcesBuildPhase section */

/* Begin PBXSourcesBuildPhase section */
		454F8754298CAEAE00E18526 /* Sources */ = {
			isa = PBXSourcesBuildPhase;
			buildActionMask = 2147483647;
			files = (
				454F8760298CAEAE00E18526 /* ViewController.swift in Sources */,
				454F875C298CAEAE00E18526 /* AppDelegate.swift in Sources */,
				454F875E298CAEAE00E18526 /* SceneDelegate.swift in Sources */,
			);
			runOnlyForDeploymentPostprocessing = 0;
		};
		454F876A298CAEAF00E18526 /* Sources */ = {
			isa = PBXSourcesBuildPhase;
			buildActionMask = 2147483647;
			files = (
				454F8773298CAEAF00E18526 /* TestAppTests.swift in Sources */,
			);
			runOnlyForDeploymentPostprocessing = 0;
		};
		454F8774298CAEAF00E18526 /* Sources */ = {
			isa = PBXSourcesBuildPhase;
			buildActionMask = 2147483647;
			files = (
				454F877F298CAEAF00E18526 /* TestAppUITestsLaunchTests.swift in Sources */,
				454F877D298CAEAF00E18526 /* TestAppUITests.swift in Sources */,
			);
			runOnlyForDeploymentPostprocessing = 0;
		};
/* End PBXSourcesBuildPhase section */

/* Begin PBXTargetDependency section */
		454F8770298CAEAF00E18526 /* PBXTargetDependency */ = {
			isa = PBXTargetDependency;
			target = 454F8757298CAEAE00E18526 /* TestApp */;
			targetProxy = 454F876F298CAEAF00E18526 /* PBXContainerItemProxy */;
		};
		454F877A298CAEAF00E18526 /* PBXTargetDependency */ = {
			isa = PBXTargetDependency;
			target = 454F8757298CAEAE00E18526 /* TestApp */;
			targetProxy = 454F8779298CAEAF00E18526 /* PBXContainerItemProxy */;
		};
/* End PBXTargetDependency section */

/* Begin PBXVariantGroup section */
		454F8761298CAEAE00E18526 /* Main.storyboard */ = {
			isa = PBXVariantGroup;
			children = (
				454F8762298CAEAE00E18526 /* Base */,
			);
			name = Main.storyboard;
			sourceTree = "<group>";
		};
		454F8766298CAEAF00E18526 /* LaunchScreen.storyboard */ = {
			isa = PBXVariantGroup;
			children = (
				454F8767298CAEAF00E18526 /* Base */,
			);
			name = LaunchScreen.storyboard;
			sourceTree = "<group>";
		};
/* End PBXVariantGroup section */

/* Begin XCBuildConfiguration section */
		454F8780298CAEAF00E18526 /* Debug */ = {
			isa = XCBuildConfiguration;
			buildSettings = {
				ALWAYS_SEARCH_USER_PATHS = NO;
				CLANG_ANALYZER_NONNULL = YES;
				CLANG_ANALYZER_NUMBER_OBJECT_CONVERSION = YES_AGGRESSIVE;
				CLANG_CXX_LANGUAGE_STANDARD = "gnu++20";
				CLANG_ENABLE_MODULES = YES;
				CLANG_ENABLE_OBJC_ARC = YES;
				CLANG_ENABLE_OBJC_WEAK = YES;
				CLANG_WARN_BLOCK_CAPTURE_AUTORELEASING = YES;
				CLANG_WARN_BOOL_CONVERSION = YES;
				CLANG_WARN_COMMA = YES;
				CLANG_WARN_CONSTANT_CONVERSION = YES;
				CLANG_WARN_DEPRECATED_OBJC_IMPLEMENTATIONS = YES;
				CLANG_WARN_DIRECT_OBJC_ISA_USAGE = YES_ERROR;
				CLANG_WARN_DOCUMENTATION_COMMENTS = YES;
				CLANG_WARN_EMPTY_BODY = YES;
				CLANG_WARN_ENUM_CONVERSION = YES;
				CLANG_WARN_INFINITE_RECURSION = YES;
				CLANG_WARN_INT_CONVERSION = YES;
				CLANG_WARN_NON_LITERAL_NULL_CONVERSION = YES;
				CLANG_WARN_OBJC_IMPLICIT_RETAIN_SELF = YES;
				CLANG_WARN_OBJC_LITERAL_CONVERSION = YES;
				CLANG_WARN_OBJC_ROOT_CLASS = YES_ERROR;
				CLANG_WARN_QUOTED_INCLUDE_IN_FRAMEWORK_HEADER = YES;
				CLANG_WARN_RANGE_LOOP_ANALYSIS = YES;
				CLANG_WARN_STRICT_PROTOTYPES = YES;
				CLANG_WARN_SUSPICIOUS_MOVE = YES;
				CLANG_WARN_UNGUARDED_AVAILABILITY = YES_AGGRESSIVE;
				CLANG_WARN_UNREACHABLE_CODE = YES;
				CLANG_WARN__DUPLICATE_METHOD_MATCH = YES;
				COPY_PHASE_STRIP = NO;
				DEBUG_INFORMATION_FORMAT = dwarf;
				ENABLE_STRICT_OBJC_MSGSEND = YES;
				ENABLE_TESTABILITY = YES;
				GCC_C_LANGUAGE_STANDARD = gnu11;
				GCC_DYNAMIC_NO_PIC = NO;
				GCC_NO_COMMON_BLOCKS = YES;
				GCC_OPTIMIZATION_LEVEL = 0;
				GCC_PREPROCESSOR_DEFINITIONS = (
					"DEBUG=1",
					"$(inherited)",
				);
				GCC_WARN_64_TO_32_BIT_CONVERSION = YES;
				GCC_WARN_ABOUT_RETURN_TYPE = YES_ERROR;
				GCC_WARN_UNDECLARED_SELECTOR = YES;
				GCC_WARN_UNINITIALIZED_AUTOS = YES_AGGRESSIVE;
				GCC_WARN_UNUSED_FUNCTION = YES;
				GCC_WARN_UNUSED_VARIABLE = YES;
				IPHONEOS_DEPLOYMENT_TARGET = 16.2;
				MTL_ENABLE_DEBUG_INFO = INCLUDE_SOURCE;
				MTL_FAST_MATH = YES;
				ONLY_ACTIVE_ARCH = YES;
				SDKROOT = iphoneos;
				SWIFT_ACTIVE_COMPILATION_CONDITIONS = DEBUG;
				SWIFT_OPTIMIZATION_LEVEL = "-Onone";
			};
			name = Debug;
		};
		454F8781298CAEAF00E18526 /* Release */ = {
			isa = XCBuildConfiguration;
			buildSettings = {
				ALWAYS_SEARCH_USER_PATHS = NO;
				CLANG_ANALYZER_NONNULL = YES;
				CLANG_ANALYZER_NUMBER_OBJECT_CONVERSION = YES_AGGRESSIVE;
				CLANG_CXX_LANGUAGE_STANDARD = "gnu++20";
				CLANG_ENABLE_MODULES = YES;
				CLANG_ENABLE_OBJC_ARC = YES;
				CLANG_ENABLE_OBJC_WEAK = YES;
				CLANG_WARN_BLOCK_CAPTURE_AUTORELEASING = YES;
				CLANG_WARN_BOOL_CONVERSION = YES;
				CLANG_WARN_COMMA = YES;
				CLANG_WARN_CONSTANT_CONVERSION = YES;
				CLANG_WARN_DEPRECATED_OBJC_IMPLEMENTATIONS = YES;
				CLANG_WARN_DIRECT_OBJC_ISA_USAGE = YES_ERROR;
				CLANG_WARN_DOCUMENTATION_COMMENTS = YES;
				CLANG_WARN_EMPTY_BODY = YES;
				CLANG_WARN_ENUM_CONVERSION = YES;
				CLANG_WARN_INFINITE_RECURSION = YES;
				CLANG_WARN_INT_CONVERSION = YES;
				CLANG_WARN_NON_LITERAL_NULL_CONVERSION = YES;
				CLANG_WARN_OBJC_IMPLICIT_RETAIN_SELF = YES;
				CLANG_WARN_OBJC_LITERAL_CONVERSION = YES;
				CLANG_WARN_OBJC_ROOT_CLASS = YES_ERROR;
				CLANG_WARN_QUOTED_INCLUDE_IN_FRAMEWORK_HEADER = YES;
				CLANG_WARN_RANGE_LOOP_ANALYSIS = YES;
				CLANG_WARN_STRICT_PROTOTYPES = YES;
				CLANG_WARN_SUSPICIOUS_MOVE = YES;
				CLANG_WARN_UNGUARDED_AVAILABILITY = YES_AGGRESSIVE;
				CLANG_WARN_UNREACHABLE_CODE = YES;
				CLANG_WARN__DUPLICATE_METHOD_MATCH = YES;
				COPY_PHASE_STRIP = NO;
				DEBUG_INFORMATION_FORMAT = "dwarf-with-dsym";
				ENABLE_NS_ASSERTIONS = NO;
				ENABLE_STRICT_OBJC_MSGSEND = YES;
				GCC_C_LANGUAGE_STANDARD = gnu11;
				GCC_NO_COMMON_BLOCKS = YES;
				GCC_WARN_64_TO_32_BIT_CONVERSION = YES;
				GCC_WARN_ABOUT_RETURN_TYPE = YES_ERROR;
				GCC_WARN_UNDECLARED_SELECTOR = YES;
				GCC_WARN_UNINITIALIZED_AUTOS = YES_AGGRESSIVE;
				GCC_WARN_UNUSED_FUNCTION = YES;
				GCC_WARN_UNUSED_VARIABLE = YES;
				IPHONEOS_DEPLOYMENT_TARGET = 16.2;
				MTL_ENABLE_DEBUG_INFO = NO;
				MTL_FAST_MATH = YES;
				SDKROOT = iphoneos;
				SWIFT_COMPILATION_MODE = wholemodule;
				SWIFT_OPTIMIZATION_LEVEL = "-O";
				VALIDATE_PRODUCT = YES;
			};
			name = Release;
		};
		454F8783298CAEAF00E18526 /* Debug */ = {
			isa = XCBuildConfiguration;
			buildSettings = {
				ASSETCATALOG_COMPILER_APPICON_NAME = AppIcon;
				ASSETCATALOG_COMPILER_GLOBAL_ACCENT_COLOR_NAME = AccentColor;
				CODE_SIGN_STYLE = Automatic;
				CURRENT_PROJECT_VERSION = 1;
				DEVELOPMENT_TEAM = 8855YD52WF;
				GENERATE_INFOPLIST_FILE = YES;
				INFOPLIST_FILE = TestApp/Info.plist;
				INFOPLIST_KEY_UIApplicationSupportsIndirectInputEvents = YES;
				INFOPLIST_KEY_UILaunchStoryboardName = LaunchScreen;
				INFOPLIST_KEY_UIMainStoryboardFile = Main;
				INFOPLIST_KEY_UISupportedInterfaceOrientations_iPad = "UIInterfaceOrientationPortrait UIInterfaceOrientationPortraitUpsideDown UIInterfaceOrientationLandscapeLeft UIInterfaceOrientationLandscapeRight";
				INFOPLIST_KEY_UISupportedInterfaceOrientations_iPhone = "UIInterfaceOrientationPortrait UIInterfaceOrientationLandscapeLeft UIInterfaceOrientationLandscapeRight";
				LD_RUNPATH_SEARCH_PATHS = (
					"$(inherited)",
					"@executable_path/Frameworks",
				);
				MARKETING_VERSION = 1.0;
				PRODUCT_BUNDLE_IDENTIFIER = com.glennposadas.TestApp;
				PRODUCT_NAME = "$(TARGET_NAME)";
				SWIFT_EMIT_LOC_STRINGS = YES;
				SWIFT_VERSION = 5.0;
				TARGETED_DEVICE_FAMILY = "1,2";
			};
			name = Debug;
		};
		454F8784298CAEAF00E18526 /* Release */ = {
			isa = XCBuildConfiguration;
			buildSettings = {
				ASSETCATALOG_COMPILER_APPICON_NAME = AppIcon;
				ASSETCATALOG_COMPILER_GLOBAL_ACCENT_COLOR_NAME = AccentColor;
				CODE_SIGN_STYLE = Automatic;
				CURRENT_PROJECT_VERSION = 1;
				DEVELOPMENT_TEAM = 8855YD52WF;
				GENERATE_INFOPLIST_FILE = YES;
				INFOPLIST_FILE = TestApp/Info.plist;
				INFOPLIST_KEY_UIApplicationSupportsIndirectInputEvents = YES;
				INFOPLIST_KEY_UILaunchStoryboardName = LaunchScreen;
				INFOPLIST_KEY_UIMainStoryboardFile = Main;
				INFOPLIST_KEY_UISupportedInterfaceOrientations_iPad = "UIInterfaceOrientationPortrait UIInterfaceOrientationPortraitUpsideDown UIInterfaceOrientationLandscapeLeft UIInterfaceOrientationLandscapeRight";
				INFOPLIST_KEY_UISupportedInterfaceOrientations_iPhone = "UIInterfaceOrientationPortrait UIInterfaceOrientationLandscapeLeft UIInterfaceOrientationLandscapeRight";
				LD_RUNPATH_SEARCH_PATHS = (
					"$(inherited)",
					"@executable_path/Frameworks",
				);
				MARKETING_VERSION = 1.0;
				PRODUCT_BUNDLE_IDENTIFIER = com.glennposadas.TestApp;
				PRODUCT_NAME = "$(TARGET_NAME)";
				SWIFT_EMIT_LOC_STRINGS = YES;
				SWIFT_VERSION = 5.0;
				TARGETED_DEVICE_FAMILY = "1,2";
			};
			name = Release;
		};
		454F8786298CAEAF00E18526 /* Debug */ = {
			isa = XCBuildConfiguration;
			buildSettings = {
				ALWAYS_EMBED_SWIFT_STANDARD_LIBRARIES = YES;
				BUNDLE_LOADER = "$(TEST_HOST)";
				CODE_SIGN_STYLE = Automatic;
				CURRENT_PROJECT_VERSION = 1;
				DEVELOPMENT_TEAM = 8855YD52WF;
				GENERATE_INFOPLIST_FILE = YES;
				IPHONEOS_DEPLOYMENT_TARGET = 16.2;
				MARKETING_VERSION = 1.0;
				PRODUCT_BUNDLE_IDENTIFIER = com.glennposadas.TestAppTests;
				PRODUCT_NAME = "$(TARGET_NAME)";
				SWIFT_EMIT_LOC_STRINGS = NO;
				SWIFT_VERSION = 5.0;
				TARGETED_DEVICE_FAMILY = "1,2";
				TEST_HOST = "$(BUILT_PRODUCTS_DIR)/TestApp.app/$(BUNDLE_EXECUTABLE_FOLDER_PATH)/TestApp";
			};
			name = Debug;
		};
		454F8787298CAEAF00E18526 /* Release */ = {
			isa = XCBuildConfiguration;
			buildSettings = {
				ALWAYS_EMBED_SWIFT_STANDARD_LIBRARIES = YES;
				BUNDLE_LOADER = "$(TEST_HOST)";
				CODE_SIGN_STYLE = Automatic;
				CURRENT_PROJECT_VERSION = 1;
				DEVELOPMENT_TEAM = 8855YD52WF;
				GENERATE_INFOPLIST_FILE = YES;
				IPHONEOS_DEPLOYMENT_TARGET = 16.2;
				MARKETING_VERSION = 1.0;
				PRODUCT_BUNDLE_IDENTIFIER = com.glennposadas.TestAppTests;
				PRODUCT_NAME = "$(TARGET_NAME)";
				SWIFT_EMIT_LOC_STRINGS = NO;
				SWIFT_VERSION = 5.0;
				TARGETED_DEVICE_FAMILY = "1,2";
				TEST_HOST = "$(BUILT_PRODUCTS_DIR)/TestApp.app/$(BUNDLE_EXECUTABLE_FOLDER_PATH)/TestApp";
			};
			name = Release;
		};
		454F8789298CAEAF00E18526 /* Debug */ = {
			isa = XCBuildConfiguration;
			buildSettings = {
				ALWAYS_EMBED_SWIFT_STANDARD_LIBRARIES = YES;
				CODE_SIGN_STYLE = Automatic;
				CURRENT_PROJECT_VERSION = 1;
				DEVELOPMENT_TEAM = 8855YD52WF;
				GENERATE_INFOPLIST_FILE = YES;
				MARKETING_VERSION = 1.0;
				PRODUCT_BUNDLE_IDENTIFIER = com.glennposadas.TestAppUITests;
				PRODUCT_NAME = "$(TARGET_NAME)";
				SWIFT_EMIT_LOC_STRINGS = NO;
				SWIFT_VERSION = 5.0;
				TARGETED_DEVICE_FAMILY = "1,2";
				TEST_TARGET_NAME = TestApp;
			};
			name = Debug;
		};
		454F878A298CAEAF00E18526 /* Release */ = {
			isa = XCBuildConfiguration;
			buildSettings = {
				ALWAYS_EMBED_SWIFT_STANDARD_LIBRARIES = YES;
				CODE_SIGN_STYLE = Automatic;
				CURRENT_PROJECT_VERSION = 1;
				DEVELOPMENT_TEAM = 8855YD52WF;
				GENERATE_INFOPLIST_FILE = YES;
				MARKETING_VERSION = 1.0;
				PRODUCT_BUNDLE_IDENTIFIER = com.glennposadas.TestAppUITests;
				PRODUCT_NAME = "$(TARGET_NAME)";
				SWIFT_EMIT_LOC_STRINGS = NO;
				SWIFT_VERSION = 5.0;
				TARGETED_DEVICE_FAMILY = "1,2";
				TEST_TARGET_NAME = TestApp;
			};
			name = Release;
		};
/* End XCBuildConfiguration section */

/* Begin XCConfigurationList section */
		454F8753298CAEAE00E18526 /* Build configuration list for PBXProject "TestApp" */ = {
			isa = XCConfigurationList;
			buildConfigurations = (
				454F8780298CAEAF00E18526 /* Debug */,
				454F8781298CAEAF00E18526 /* Release */,
			);
			defaultConfigurationIsVisible = 0;
			defaultConfigurationName = Release;
		};
		454F8782298CAEAF00E18526 /* Build configuration list for PBXNativeTarget "TestApp" */ = {
			isa = XCConfigurationList;
			buildConfigurations = (
				454F8783298CAEAF00E18526 /* Debug */,
				454F8784298CAEAF00E18526 /* Release */,
			);
			defaultConfigurationIsVisible = 0;
			defaultConfigurationName = Release;
		};
		454F8785298CAEAF00E18526 /* Build configuration list for PBXNativeTarget "TestAppTests" */ = {
			isa = XCConfigurationList;
			buildConfigurations = (
				454F8786298CAEAF00E18526 /* Debug */,
				454F8787298CAEAF00E18526 /* Release */,
			);
			defaultConfigurationIsVisible = 0;
			defaultConfigurationName = Release;
		};
		454F8788298CAEAF00E18526 /* Build configuration list for PBXNativeTarget "TestAppUITests" */ = {
			isa = XCConfigurationList;
			buildConfigurations = (
				454F8789298CAEAF00E18526 /* Debug */,
				454F878A298CAEAF00E18526 /* Release */,
			);
			defaultConfigurationIsVisible = 0;
			defaultConfigurationName = Release;
		};
/* End XCConfigurationList section */

/* Begin XCRemoteSwiftPackageReference section */
		454F878B298CAEE000E18526 /* XCRemoteSwiftPackageReference "RxSwift" */ = {
			isa = XCRemoteSwiftPackageReference;
			repositoryURL = "https://github.com/ReactiveX/RxSwift.git";
			requirement = {
				kind = upToNextMajorVersion;
				minimumVersion = 6.0.0;
			};
		};
/* End XCRemoteSwiftPackageReference section */

/* Begin XCSwiftPackageProductDependency section */
		454F878C298CAEE000E18526 /* RxCocoa */ = {
			isa = XCSwiftPackageProductDependency;
			package = 454F878B298CAEE000E18526 /* XCRemoteSwiftPackageReference "RxSwift" */;
			productName = RxCocoa;
		};
		454F878E298CAEE000E18526 /* RxSwift */ = {
			isa = XCSwiftPackageProductDependency;
			package = 454F878B298CAEE000E18526 /* XCRemoteSwiftPackageReference "RxSwift" */;
			productName = RxSwift;
		};
/* End XCSwiftPackageProductDependency section */
	};
	rootObject = 454F8750298CAEAE00E18526 /* Project object */;
}
